
Microsoft Visual Studio Solution File, Format Version 12.00
# Visual Studio Version 17
VisualStudioVersion = 17.6.33801.468
MinimumVisualStudioVersion = 10.0.40219.1
Project("{9A19103F-16F7-4668-BE54-9A1E7A4F7556}") = "WebApiDemoTest", "WebApiDemoTest.csproj", "{DF47C30E-4E23-4395-A6F4-AEC16D5DD0F9}"
EndProject
Global
	GlobalSection(SolutionConfigurationPlatforms) = preSolution
		Debug|Any CPU = Debug|Any CPU
		Release|Any CPU = Release|Any CPU
	EndGlobalSection
	GlobalSection(ProjectConfigurationPlatforms) = postSolution
		{DF47C30E-4E23-4395-A6F4-AEC16D5DD0F9}.Debug|Any CPU.ActiveCfg = Debug|Any CPU
		{DF47C30E-4E23-4395-A6F4-AEC16D5DD0F9}.Debug|Any CPU.Build.0 = Debug|Any CPU
		{DF47C30E-4E23-4395-A6F4-AEC16D5DD0F9}.Release|Any CPU.ActiveCfg = Release|Any CPU
		{DF47C30E-4E23-4395-A6F4-AEC16D5DD0F9}.Release|Any CPU.Build.0 = Release|Any CPU
	EndGlobalSection
	GlobalSection(SolutionProperties) = preSolution
		HideSolutionNode = FALSE
	EndGlobalSection
	GlobalSection(ExtensibilityGlobals) = postSolution
		SolutionGuid = {ADEF01D0-FD8C-4573-BC1C-87A0FAA5BC7F}
	EndGlobalSection
EndGlobal
